
Microsoft Visual Studio Solution File, Format Version 12.00
# Visual Studio Version 17
VisualStudioVersion = 17.10.35013.160
MinimumVisualStudioVersion = 10.0.40219.1
Project("{E24C65DC-7377-472B-9ABA-BC803B73C61A}") = "UI", "UI\", "{B674FE45-5487-4576-8921-5D8571DD406A}"
	ProjectSection(WebsiteProperties) = preProject
		TargetFrameworkMoniker = ".NETFramework,Version%3Dv4.7.2"
		ProjectReferences = "{f1d48ed0-6bad-4f89-8993-c889e8b0a44c}|Abstracciones.dll;{a4dabb28-611a-4932-b9bb-0892ff44dd32}|BE.dll;{79170948-4f05-41ec-8fdd-e6425cf978c8}|BLL.dll;{a0e21d1e-bd8b-4488-9af5-afa27bfaab74}|Servicios.dll;{E9468470-5856-4B80-9251-0C0C0E0B2E96}|MPP.dll;{E8782D8D-B27B-4680-94EB-9BEFB9435E7F}|DAL.dll;"
		Debug.AspNetCompiler.VirtualPath = "/localhost_63881"
		Debug.AspNetCompiler.PhysicalPath = "UI\"
		Debug.AspNetCompiler.TargetPath = "PrecompiledWeb\localhost_63881\"
		Debug.AspNetCompiler.Updateable = "true"
		Debug.AspNetCompiler.ForceOverwrite = "true"
		Debug.AspNetCompiler.FixedNames = "false"
		Debug.AspNetCompiler.Debug = "True"
		Release.AspNetCompiler.VirtualPath = "/localhost_63881"
		Release.AspNetCompiler.PhysicalPath = "UI\"
		Release.AspNetCompiler.TargetPath = "PrecompiledWeb\localhost_63881\"
		Release.AspNetCompiler.Updateable = "true"
		Release.AspNetCompiler.ForceOverwrite = "true"
		Release.AspNetCompiler.FixedNames = "false"
		Release.AspNetCompiler.Debug = "False"
		VWDPort = "63881"
		SlnRelativePath = "UI\"
		DefaultWebSiteLanguage = "Visual C#"
	EndProjectSection
EndProject
Project("{2150E333-8FDC-42A3-9474-1A3956D46DE8}") = "Elementos de la solución", "Elementos de la solución", "{C59E7665-A4F1-47BE-BF3A-54985B3DDD6E}"
	ProjectSection(SolutionItems) = preProject
		.gitignore = .gitignore
	EndProjectSection
EndProject
Project("{FAE04EC0-301F-11D3-BF4B-00C04F79EFBC}") = "BE", "BE\BE.csproj", "{A4DABB28-611A-4932-B9BB-0892FF44DD32}"
EndProject
Project("{FAE04EC0-301F-11D3-BF4B-00C04F79EFBC}") = "BLL", "BLL\BLL.csproj", "{79170948-4F05-41EC-8FDD-E6425CF978C8}"
EndProject
Project("{FAE04EC0-301F-11D3-BF4B-00C04F79EFBC}") = "MPP", "MPP\MPP.csproj", "{E9468470-5856-4B80-9251-0C0C0E0B2E96}"
EndProject
Project("{FAE04EC0-301F-11D3-BF4B-00C04F79EFBC}") = "DAL", "DAL\DAL.csproj", "{E8782D8D-B27B-4680-94EB-9BEFB9435E7F}"
EndProject
Project("{FAE04EC0-301F-11D3-BF4B-00C04F79EFBC}") = "Abstracciones", "Abstracciones\Abstracciones.csproj", "{F1D48ED0-6BAD-4F89-8993-C889E8B0A44C}"
EndProject
Project("{FAE04EC0-301F-11D3-BF4B-00C04F79EFBC}") = "Servicios", "Servicios\Servicios.csproj", "{A0E21D1E-BD8B-4488-9AF5-AFA27BFAAB74}"
EndProject
Global
	GlobalSection(SolutionConfigurationPlatforms) = preSolution
		Debug|Any CPU = Debug|Any CPU
		Release|Any CPU = Release|Any CPU
	EndGlobalSection
	GlobalSection(ProjectConfigurationPlatforms) = postSolution
		{B674FE45-5487-4576-8921-5D8571DD406A}.Debug|Any CPU.ActiveCfg = Debug|Any CPU
		{B674FE45-5487-4576-8921-5D8571DD406A}.Debug|Any CPU.Build.0 = Debug|Any CPU
		{B674FE45-5487-4576-8921-5D8571DD406A}.Release|Any CPU.ActiveCfg = Debug|Any CPU
		{B674FE45-5487-4576-8921-5D8571DD406A}.Release|Any CPU.Build.0 = Debug|Any CPU
		{A4DABB28-611A-4932-B9BB-0892FF44DD32}.Debug|Any CPU.ActiveCfg = Debug|Any CPU
		{A4DABB28-611A-4932-B9BB-0892FF44DD32}.Debug|Any CPU.Build.0 = Debug|Any CPU
		{A4DABB28-611A-4932-B9BB-0892FF44DD32}.Release|Any CPU.ActiveCfg = Release|Any CPU
		{A4DABB28-611A-4932-B9BB-0892FF44DD32}.Release|Any CPU.Build.0 = Release|Any CPU
		{79170948-4F05-41EC-8FDD-E6425CF978C8}.Debug|Any CPU.ActiveCfg = Debug|Any CPU
		{79170948-4F05-41EC-8FDD-E6425CF978C8}.Debug|Any CPU.Build.0 = Debug|Any CPU
		{79170948-4F05-41EC-8FDD-E6425CF978C8}.Release|Any CPU.ActiveCfg = Release|Any CPU
		{79170948-4F05-41EC-8FDD-E6425CF978C8}.Release|Any CPU.Build.0 = Release|Any CPU
		{E9468470-5856-4B80-9251-0C0C0E0B2E96}.Debug|Any CPU.ActiveCfg = Debug|Any CPU
		{E9468470-5856-4B80-9251-0C0C0E0B2E96}.Debug|Any CPU.Build.0 = Debug|Any CPU
		{E9468470-5856-4B80-9251-0C0C0E0B2E96}.Release|Any CPU.ActiveCfg = Release|Any CPU
		{E9468470-5856-4B80-9251-0C0C0E0B2E96}.Release|Any CPU.Build.0 = Release|Any CPU
		{E8782D8D-B27B-4680-94EB-9BEFB9435E7F}.Debug|Any CPU.ActiveCfg = Debug|Any CPU
		{E8782D8D-B27B-4680-94EB-9BEFB9435E7F}.Debug|Any CPU.Build.0 = Debug|Any CPU
		{E8782D8D-B27B-4680-94EB-9BEFB9435E7F}.Release|Any CPU.ActiveCfg = Release|Any CPU
		{E8782D8D-B27B-4680-94EB-9BEFB9435E7F}.Release|Any CPU.Build.0 = Release|Any CPU
		{F1D48ED0-6BAD-4F89-8993-C889E8B0A44C}.Debug|Any CPU.ActiveCfg = Debug|Any CPU
		{F1D48ED0-6BAD-4F89-8993-C889E8B0A44C}.Debug|Any CPU.Build.0 = Debug|Any CPU
		{F1D48ED0-6BAD-4F89-8993-C889E8B0A44C}.Release|Any CPU.ActiveCfg = Release|Any CPU
		{F1D48ED0-6BAD-4F89-8993-C889E8B0A44C}.Release|Any CPU.Build.0 = Release|Any CPU
		{A0E21D1E-BD8B-4488-9AF5-AFA27BFAAB74}.Debug|Any CPU.ActiveCfg = Debug|Any CPU
		{A0E21D1E-BD8B-4488-9AF5-AFA27BFAAB74}.Debug|Any CPU.Build.0 = Debug|Any CPU
		{A0E21D1E-BD8B-4488-9AF5-AFA27BFAAB74}.Release|Any CPU.ActiveCfg = Release|Any CPU
		{A0E21D1E-BD8B-4488-9AF5-AFA27BFAAB74}.Release|Any CPU.Build.0 = Release|Any CPU
	EndGlobalSection
	GlobalSection(SolutionProperties) = preSolution
		HideSolutionNode = FALSE
	EndGlobalSection
	GlobalSection(ExtensibilityGlobals) = postSolution
		SolutionGuid = {BB0A3692-3454-44FC-908F-7383374BF278}
	EndGlobalSection
EndGlobal
